// !$*UTF8*$!
{
	archiveVersion = 1;
	classes = {
	};
	objectVersion = 50;
	objects = {

/* Begin PBXBuildFile section */
		3942A030224273F50029B271 /* Article.swift in Sources */ = {isa = PBXBuildFile; fileRef = 3942A02F224273F50029B271 /* Article.swift */; };
		3942A032224276B30029B271 /* MostPopularApi.swift in Sources */ = {isa = PBXBuildFile; fileRef = 3942A031224276B30029B271 /* MostPopularApi.swift */; };
		3942A034224276C10029B271 /* NetworkManager.swift in Sources */ = {isa = PBXBuildFile; fileRef = 3942A033224276C10029B271 /* NetworkManager.swift */; };
		3942A0362242773B0029B271 /* ArticlesPeriod.swift in Sources */ = {isa = PBXBuildFile; fileRef = 3942A0352242773B0029B271 /* ArticlesPeriod.swift */; };
		3942A038224282470029B271 /* ArticleViewModel.swift in Sources */ = {isa = PBXBuildFile; fileRef = 3942A037224282470029B271 /* ArticleViewModel.swift */; };
		3942A03B22428DF00029B271 /* ArticleCell.swift in Sources */ = {isa = PBXBuildFile; fileRef = 3942A03922428DF00029B271 /* ArticleCell.swift */; };
		3942A03C22428DF00029B271 /* ArticleCell.xib in Resources */ = {isa = PBXBuildFile; fileRef = 3942A03A22428DF00029B271 /* ArticleCell.xib */; };
		3942A03E2242967A0029B271 /* UIImageView+ImageUrl.swift in Sources */ = {isa = PBXBuildFile; fileRef = 3942A03D2242967A0029B271 /* UIImageView+ImageUrl.swift */; };
		3942A040224298A90029B271 /* ArticlesTableViewController.swift in Sources */ = {isa = PBXBuildFile; fileRef = 3942A03F224298A90029B271 /* ArticlesTableViewController.swift */; };
		3942A04222429A0B0029B271 /* UIViewController+AlertView.swift in Sources */ = {isa = PBXBuildFile; fileRef = 3942A04122429A0B0029B271 /* UIViewController+AlertView.swift */; };
		398DD2C22241A22600BBA2E8 /* AppDelegate.swift in Sources */ = {isa = PBXBuildFile; fileRef = 398DD2C12241A22600BBA2E8 /* AppDelegate.swift */; };
		398DD2C72241A22600BBA2E8 /* Main.storyboard in Resources */ = {isa = PBXBuildFile; fileRef = 398DD2C52241A22600BBA2E8 /* Main.storyboard */; };
		398DD2C92241A23A00BBA2E8 /* Assets.xcassets in Resources */ = {isa = PBXBuildFile; fileRef = 398DD2C82241A23A00BBA2E8 /* Assets.xcassets */; };
		398DD2CC2241A23A00BBA2E8 /* LaunchScreen.storyboard in Resources */ = {isa = PBXBuildFile; fileRef = 398DD2CA2241A23A00BBA2E8 /* LaunchScreen.storyboard */; };
		398DD2D72241A23D00BBA2E8 /* Popular_on_NYTTests.swift in Sources */ = {isa = PBXBuildFile; fileRef = 398DD2D62241A23D00BBA2E8 /* Popular_on_NYTTests.swift */; };
		398DD2E22241A23D00BBA2E8 /* Popular_on_NYTUITests.swift in Sources */ = {isa = PBXBuildFile; fileRef = 398DD2E12241A23D00BBA2E8 /* Popular_on_NYTUITests.swift */; };
		6A6567F168C36A742E5162B2 /* Pods_Popular_on_NYTUITests.framework in Frameworks */ = {isa = PBXBuildFile; fileRef = 0164C8ABDDE3ABFF7E0D49F5 /* Pods_Popular_on_NYTUITests.framework */; };
		A3C0FF0B5AF0ED3678DAC5C4 /* Pods_Popular_on_NYT.framework in Frameworks */ = {isa = PBXBuildFile; fileRef = 2FC6DF846593611CB96E7F38 /* Pods_Popular_on_NYT.framework */; };
		F7068B8FB278CE383B5E8426 /* Pods_Popular_on_NYTTests.framework in Frameworks */ = {isa = PBXBuildFile; fileRef = 392D528AC43A78E6F50D0515 /* Pods_Popular_on_NYTTests.framework */; };
/* End PBXBuildFile section */

/* Begin PBXContainerItemProxy section */
		398DD2D32241A23D00BBA2E8 /* PBXContainerItemProxy */ = {
			isa = PBXContainerItemProxy;
			containerPortal = 398DD2B62241A22500BBA2E8 /* Project object */;
			proxyType = 1;
			remoteGlobalIDString = 398DD2BD2241A22500BBA2E8;
			remoteInfo = "Popular on NYT";
		};
		398DD2DE2241A23D00BBA2E8 /* PBXContainerItemProxy */ = {
			isa = PBXContainerItemProxy;
			containerPortal = 398DD2B62241A22500BBA2E8 /* Project object */;
			proxyType = 1;
			remoteGlobalIDString = 398DD2BD2241A22500BBA2E8;
			remoteInfo = "Popular on NYT";
		};
/* End PBXContainerItemProxy section */

/* Begin PBXFileReference section */
		0164C8ABDDE3ABFF7E0D49F5 /* Pods_Popular_on_NYTUITests.framework */ = {isa = PBXFileReference; explicitFileType = wrapper.framework; includeInIndex = 0; path = Pods_Popular_on_NYTUITests.framework; sourceTree = BUILT_PRODUCTS_DIR; };
		06E08ECBBB2A3D0CB41E1EB2 /* Pods-Popular on NYTUITests.debug.xcconfig */ = {isa = PBXFileReference; includeInIndex = 1; lastKnownFileType = text.xcconfig; name = "Pods-Popular on NYTUITests.debug.xcconfig"; path = "Pods/Target Support Files/Pods-Popular on NYTUITests/Pods-Popular on NYTUITests.debug.xcconfig"; sourceTree = "<group>"; };
		27D4DE4045A5C8CBAFB9132A /* Pods-Popular on NYTTests.debug.xcconfig */ = {isa = PBXFileReference; includeInIndex = 1; lastKnownFileType = text.xcconfig; name = "Pods-Popular on NYTTests.debug.xcconfig"; path = "Pods/Target Support Files/Pods-Popular on NYTTests/Pods-Popular on NYTTests.debug.xcconfig"; sourceTree = "<group>"; };
		2FC6DF846593611CB96E7F38 /* Pods_Popular_on_NYT.framework */ = {isa = PBXFileReference; explicitFileType = wrapper.framework; includeInIndex = 0; path = Pods_Popular_on_NYT.framework; sourceTree = BUILT_PRODUCTS_DIR; };
		392D528AC43A78E6F50D0515 /* Pods_Popular_on_NYTTests.framework */ = {isa = PBXFileReference; explicitFileType = wrapper.framework; includeInIndex = 0; path = Pods_Popular_on_NYTTests.framework; sourceTree = BUILT_PRODUCTS_DIR; };
		3942A02F224273F50029B271 /* Article.swift */ = {isa = PBXFileReference; lastKnownFileType = sourcecode.swift; path = Article.swift; sourceTree = "<group>"; };
		3942A031224276B30029B271 /* MostPopularApi.swift */ = {isa = PBXFileReference; lastKnownFileType = sourcecode.swift; path = MostPopularApi.swift; sourceTree = "<group>"; };
		3942A033224276C10029B271 /* NetworkManager.swift */ = {isa = PBXFileReference; lastKnownFileType = sourcecode.swift; path = NetworkManager.swift; sourceTree = "<group>"; };
		3942A0352242773B0029B271 /* ArticlesPeriod.swift */ = {isa = PBXFileReference; lastKnownFileType = sourcecode.swift; path = ArticlesPeriod.swift; sourceTree = "<group>"; };
		3942A037224282470029B271 /* ArticleViewModel.swift */ = {isa = PBXFileReference; lastKnownFileType = sourcecode.swift; path = ArticleViewModel.swift; sourceTree = "<group>"; };
		3942A03922428DF00029B271 /* ArticleCell.swift */ = {isa = PBXFileReference; lastKnownFileType = sourcecode.swift; path = ArticleCell.swift; sourceTree = "<group>"; };
		3942A03A22428DF00029B271 /* ArticleCell.xib */ = {isa = PBXFileReference; lastKnownFileType = file.xib; path = ArticleCell.xib; sourceTree = "<group>"; };
		3942A03D2242967A0029B271 /* UIImageView+ImageUrl.swift */ = {isa = PBXFileReference; lastKnownFileType = sourcecode.swift; path = "UIImageView+ImageUrl.swift"; sourceTree = "<group>"; };
		3942A03F224298A90029B271 /* ArticlesTableViewController.swift */ = {isa = PBXFileReference; lastKnownFileType = sourcecode.swift; path = ArticlesTableViewController.swift; sourceTree = "<group>"; };
		3942A04122429A0B0029B271 /* UIViewController+AlertView.swift */ = {isa = PBXFileReference; lastKnownFileType = sourcecode.swift; path = "UIViewController+AlertView.swift"; sourceTree = "<group>"; };
		398DD2BE2241A22600BBA2E8 /* Popular on NYT.app */ = {isa = PBXFileReference; explicitFileType = wrapper.application; includeInIndex = 0; path = "Popular on NYT.app"; sourceTree = BUILT_PRODUCTS_DIR; };
		398DD2C12241A22600BBA2E8 /* AppDelegate.swift */ = {isa = PBXFileReference; lastKnownFileType = sourcecode.swift; path = AppDelegate.swift; sourceTree = "<group>"; };
		398DD2C62241A22600BBA2E8 /* Base */ = {isa = PBXFileReference; lastKnownFileType = file.storyboard; name = Base; path = Base.lproj/Main.storyboard; sourceTree = "<group>"; };
		398DD2C82241A23A00BBA2E8 /* Assets.xcassets */ = {isa = PBXFileReference; lastKnownFileType = folder.assetcatalog; path = Assets.xcassets; sourceTree = "<group>"; };
		398DD2CB2241A23A00BBA2E8 /* Base */ = {isa = PBXFileReference; lastKnownFileType = file.storyboard; name = Base; path = Base.lproj/LaunchScreen.storyboard; sourceTree = "<group>"; };
		398DD2CD2241A23A00BBA2E8 /* Info.plist */ = {isa = PBXFileReference; lastKnownFileType = text.plist.xml; path = Info.plist; sourceTree = "<group>"; };
		398DD2D22241A23D00BBA2E8 /* Popular on NYTTests.xctest */ = {isa = PBXFileReference; explicitFileType = wrapper.cfbundle; includeInIndex = 0; path = "Popular on NYTTests.xctest"; sourceTree = BUILT_PRODUCTS_DIR; };
		398DD2D62241A23D00BBA2E8 /* Popular_on_NYTTests.swift */ = {isa = PBXFileReference; lastKnownFileType = sourcecode.swift; path = Popular_on_NYTTests.swift; sourceTree = "<group>"; };
		398DD2D82241A23D00BBA2E8 /* Info.plist */ = {isa = PBXFileReference; lastKnownFileType = text.plist.xml; path = Info.plist; sourceTree = "<group>"; };
		398DD2DD2241A23D00BBA2E8 /* Popular on NYTUITests.xctest */ = {isa = PBXFileReference; explicitFileType = wrapper.cfbundle; includeInIndex = 0; path = "Popular on NYTUITests.xctest"; sourceTree = BUILT_PRODUCTS_DIR; };
		398DD2E12241A23D00BBA2E8 /* Popular_on_NYTUITests.swift */ = {isa = PBXFileReference; lastKnownFileType = sourcecode.swift; path = Popular_on_NYTUITests.swift; sourceTree = "<group>"; };
		398DD2E32241A23D00BBA2E8 /* Info.plist */ = {isa = PBXFileReference; lastKnownFileType = text.plist.xml; path = Info.plist; sourceTree = "<group>"; };
		4D3C81EC763F094DFBF64FD0 /* Pods-Popular on NYTUITests.release.xcconfig */ = {isa = PBXFileReference; includeInIndex = 1; lastKnownFileType = text.xcconfig; name = "Pods-Popular on NYTUITests.release.xcconfig"; path = "Pods/Target Support Files/Pods-Popular on NYTUITests/Pods-Popular on NYTUITests.release.xcconfig"; sourceTree = "<group>"; };
		ECA1B86219D748C8C33401BB /* Pods-Popular on NYT.release.xcconfig */ = {isa = PBXFileReference; includeInIndex = 1; lastKnownFileType = text.xcconfig; name = "Pods-Popular on NYT.release.xcconfig"; path = "Pods/Target Support Files/Pods-Popular on NYT/Pods-Popular on NYT.release.xcconfig"; sourceTree = "<group>"; };
		F52BE8FFC035766B1369EA0E /* Pods-Popular on NYTTests.release.xcconfig */ = {isa = PBXFileReference; includeInIndex = 1; lastKnownFileType = text.xcconfig; name = "Pods-Popular on NYTTests.release.xcconfig"; path = "Pods/Target Support Files/Pods-Popular on NYTTests/Pods-Popular on NYTTests.release.xcconfig"; sourceTree = "<group>"; };
		FF705CEB5E815119A8D96CCB /* Pods-Popular on NYT.debug.xcconfig */ = {isa = PBXFileReference; includeInIndex = 1; lastKnownFileType = text.xcconfig; name = "Pods-Popular on NYT.debug.xcconfig"; path = "Pods/Target Support Files/Pods-Popular on NYT/Pods-Popular on NYT.debug.xcconfig"; sourceTree = "<group>"; };
/* End PBXFileReference section */

/* Begin PBXFrameworksBuildPhase section */
		398DD2BB2241A22500BBA2E8 /* Frameworks */ = {
			isa = PBXFrameworksBuildPhase;
			buildActionMask = 2147483647;
			files = (
				A3C0FF0B5AF0ED3678DAC5C4 /* Pods_Popular_on_NYT.framework in Frameworks */,
			);
			runOnlyForDeploymentPostprocessing = 0;
		};
		398DD2CF2241A23D00BBA2E8 /* Frameworks */ = {
			isa = PBXFrameworksBuildPhase;
			buildActionMask = 2147483647;
			files = (
				F7068B8FB278CE383B5E8426 /* Pods_Popular_on_NYTTests.framework in Frameworks */,
			);
			runOnlyForDeploymentPostprocessing = 0;
		};
		398DD2DA2241A23D00BBA2E8 /* Frameworks */ = {
			isa = PBXFrameworksBuildPhase;
			buildActionMask = 2147483647;
			files = (
				6A6567F168C36A742E5162B2 /* Pods_Popular_on_NYTUITests.framework in Frameworks */,
			);
			runOnlyForDeploymentPostprocessing = 0;
		};
/* End PBXFrameworksBuildPhase section */

/* Begin PBXGroup section */
		350F4FD289CE3C28AF4D3FA1 /* Frameworks */ = {
			isa = PBXGroup;
			children = (
				2FC6DF846593611CB96E7F38 /* Pods_Popular_on_NYT.framework */,
				392D528AC43A78E6F50D0515 /* Pods_Popular_on_NYTTests.framework */,
				0164C8ABDDE3ABFF7E0D49F5 /* Pods_Popular_on_NYTUITests.framework */,
			);
			name = Frameworks;
			sourceTree = "<group>";
		};
		398DD2B52241A22500BBA2E8 = {
			isa = PBXGroup;
			children = (
				398DD2C02241A22600BBA2E8 /* Popular on NYT */,
				398DD2D52241A23D00BBA2E8 /* Popular on NYTTests */,
				398DD2E02241A23D00BBA2E8 /* Popular on NYTUITests */,
				398DD2BF2241A22600BBA2E8 /* Products */,
				8985175BC7F81D4099611392 /* Pods */,
				350F4FD289CE3C28AF4D3FA1 /* Frameworks */,
			);
			sourceTree = "<group>";
		};
		398DD2BF2241A22600BBA2E8 /* Products */ = {
			isa = PBXGroup;
			children = (
				398DD2BE2241A22600BBA2E8 /* Popular on NYT.app */,
				398DD2D22241A23D00BBA2E8 /* Popular on NYTTests.xctest */,
				398DD2DD2241A23D00BBA2E8 /* Popular on NYTUITests.xctest */,
			);
			name = Products;
			sourceTree = "<group>";
		};
		398DD2C02241A22600BBA2E8 /* Popular on NYT */ = {
			isa = PBXGroup;
			children = (
				398DD2EF2242407D00BBA2E8 /* Model */,
				398DD2F12242409100BBA2E8 /* View */,
				398DD2F22242409E00BBA2E8 /* View Model */,
				398DD2F4224240B200BBA2E8 /* Controller */,
				398DD2F6224240CF00BBA2E8 /* Network */,
				398DD2FA2242412A00BBA2E8 /* Helpers */,
				398DD2FB2242413400BBA2E8 /* Extensions */,
				398DD2F82242410A00BBA2E8 /* Interface */,
				398DD2F92242411E00BBA2E8 /* Resources */,
				398DD2F72242410000BBA2E8 /* Supporting */,
			);
			path = "Popular on NYT";
			sourceTree = "<group>";
		};
		398DD2D52241A23D00BBA2E8 /* Popular on NYTTests */ = {
			isa = PBXGroup;
			children = (
				398DD2D62241A23D00BBA2E8 /* Popular_on_NYTTests.swift */,
				398DD2D82241A23D00BBA2E8 /* Info.plist */,
			);
			path = "Popular on NYTTests";
			sourceTree = "<group>";
		};
		398DD2E02241A23D00BBA2E8 /* Popular on NYTUITests */ = {
			isa = PBXGroup;
			children = (
				398DD2E12241A23D00BBA2E8 /* Popular_on_NYTUITests.swift */,
				398DD2E32241A23D00BBA2E8 /* Info.plist */,
			);
			path = "Popular on NYTUITests";
			sourceTree = "<group>";
		};
		398DD2EF2242407D00BBA2E8 /* Model */ = {
			isa = PBXGroup;
			children = (
				3942A02F224273F50029B271 /* Article.swift */,
			);
			path = Model;
			sourceTree = "<group>";
		};
		398DD2F12242409100BBA2E8 /* View */ = {
			isa = PBXGroup;
			children = (
				3942A03922428DF00029B271 /* ArticleCell.swift */,
				3942A03A22428DF00029B271 /* ArticleCell.xib */,
			);
			path = View;
			sourceTree = "<group>";
		};
		398DD2F22242409E00BBA2E8 /* View Model */ = {
			isa = PBXGroup;
			children = (
				3942A037224282470029B271 /* ArticleViewModel.swift */,
			);
			path = "View Model";
			sourceTree = "<group>";
		};
		398DD2F4224240B200BBA2E8 /* Controller */ = {
			isa = PBXGroup;
			children = (
				3942A03F224298A90029B271 /* ArticlesTableViewController.swift */,
			);
			path = Controller;
			sourceTree = "<group>";
		};
		398DD2F6224240CF00BBA2E8 /* Network */ = {
			isa = PBXGroup;
			children = (
				3942A031224276B30029B271 /* MostPopularApi.swift */,
				3942A033224276C10029B271 /* NetworkManager.swift */,
			);
			path = Network;
			sourceTree = "<group>";
		};
		398DD2F72242410000BBA2E8 /* Supporting */ = {
			isa = PBXGroup;
			children = (
				398DD2CD2241A23A00BBA2E8 /* Info.plist */,
			);
			path = Supporting;
			sourceTree = "<group>";
		};
		398DD2F82242410A00BBA2E8 /* Interface */ = {
			isa = PBXGroup;
			children = (
				398DD2C52241A22600BBA2E8 /* Main.storyboard */,
				398DD2CA2241A23A00BBA2E8 /* LaunchScreen.storyboard */,
			);
			path = Interface;
			sourceTree = "<group>";
		};
		398DD2F92242411E00BBA2E8 /* Resources */ = {
			isa = PBXGroup;
			children = (
				398DD2C82241A23A00BBA2E8 /* Assets.xcassets */,
				398DD2C12241A22600BBA2E8 /* AppDelegate.swift */,
			);
			path = Resources;
			sourceTree = "<group>";
		};
		398DD2FA2242412A00BBA2E8 /* Helpers */ = {
			isa = PBXGroup;
			children = (
				3942A0352242773B0029B271 /* ArticlesPeriod.swift */,
			);
			path = Helpers;
			sourceTree = "<group>";
		};
		398DD2FB2242413400BBA2E8 /* Extensions */ = {
			isa = PBXGroup;
			children = (
				3942A03D2242967A0029B271 /* UIImageView+ImageUrl.swift */,
				3942A04122429A0B0029B271 /* UIViewController+AlertView.swift */,
			);
			path = Extensions;
			sourceTree = "<group>";
		};
		8985175BC7F81D4099611392 /* Pods */ = {
			isa = PBXGroup;
			children = (
				FF705CEB5E815119A8D96CCB /* Pods-Popular on NYT.debug.xcconfig */,
				ECA1B86219D748C8C33401BB /* Pods-Popular on NYT.release.xcconfig */,
				27D4DE4045A5C8CBAFB9132A /* Pods-Popular on NYTTests.debug.xcconfig */,
				F52BE8FFC035766B1369EA0E /* Pods-Popular on NYTTests.release.xcconfig */,
				06E08ECBBB2A3D0CB41E1EB2 /* Pods-Popular on NYTUITests.debug.xcconfig */,
				4D3C81EC763F094DFBF64FD0 /* Pods-Popular on NYTUITests.release.xcconfig */,
			);
			name = Pods;
			sourceTree = "<group>";
		};
/* End PBXGroup section */

/* Begin PBXNativeTarget section */
		398DD2BD2241A22500BBA2E8 /* Popular on NYT */ = {
			isa = PBXNativeTarget;
			buildConfigurationList = 398DD2E62241A23D00BBA2E8 /* Build configuration list for PBXNativeTarget "Popular on NYT" */;
			buildPhases = (
				7DB9E606E34791D08911BE1C /* [CP] Check Pods Manifest.lock */,
				398DD2BA2241A22500BBA2E8 /* Sources */,
				398DD2BB2241A22500BBA2E8 /* Frameworks */,
				398DD2BC2241A22500BBA2E8 /* Resources */,
				40DC58B6017DAF3D4F8A324C /* [CP] Embed Pods Frameworks */,
			);
			buildRules = (
			);
			dependencies = (
			);
			name = "Popular on NYT";
			productName = "Popular on NYT";
			productReference = 398DD2BE2241A22600BBA2E8 /* Popular on NYT.app */;
			productType = "com.apple.product-type.application";
		};
		398DD2D12241A23D00BBA2E8 /* Popular on NYTTests */ = {
			isa = PBXNativeTarget;
			buildConfigurationList = 398DD2E92241A23D00BBA2E8 /* Build configuration list for PBXNativeTarget "Popular on NYTTests" */;
			buildPhases = (
				DE54B2F23AA3AC149D969073 /* [CP] Check Pods Manifest.lock */,
				398DD2CE2241A23D00BBA2E8 /* Sources */,
				398DD2CF2241A23D00BBA2E8 /* Frameworks */,
				398DD2D02241A23D00BBA2E8 /* Resources */,
			);
			buildRules = (
			);
			dependencies = (
				398DD2D42241A23D00BBA2E8 /* PBXTargetDependency */,
			);
			name = "Popular on NYTTests";
			productName = "Popular on NYTTests";
			productReference = 398DD2D22241A23D00BBA2E8 /* Popular on NYTTests.xctest */;
			productType = "com.apple.product-type.bundle.unit-test";
		};
		398DD2DC2241A23D00BBA2E8 /* Popular on NYTUITests */ = {
			isa = PBXNativeTarget;
			buildConfigurationList = 398DD2EC2241A23D00BBA2E8 /* Build configuration list for PBXNativeTarget "Popular on NYTUITests" */;
			buildPhases = (
				A991FF6C26EDC06D32AC9B33 /* [CP] Check Pods Manifest.lock */,
				398DD2D92241A23D00BBA2E8 /* Sources */,
				398DD2DA2241A23D00BBA2E8 /* Frameworks */,
				398DD2DB2241A23D00BBA2E8 /* Resources */,
			);
			buildRules = (
			);
			dependencies = (
				398DD2DF2241A23D00BBA2E8 /* PBXTargetDependency */,
			);
			name = "Popular on NYTUITests";
			productName = "Popular on NYTUITests";
			productReference = 398DD2DD2241A23D00BBA2E8 /* Popular on NYTUITests.xctest */;
			productType = "com.apple.product-type.bundle.ui-testing";
		};
/* End PBXNativeTarget section */

/* Begin PBXProject section */
		398DD2B62241A22500BBA2E8 /* Project object */ = {
			isa = PBXProject;
			attributes = {
				LastSwiftUpdateCheck = 1010;
				LastUpgradeCheck = 1010;
				ORGANIZATIONNAME = "Ahmad Ismail";
				TargetAttributes = {
					398DD2BD2241A22500BBA2E8 = {
						CreatedOnToolsVersion = 10.1;
					};
					398DD2D12241A23D00BBA2E8 = {
						CreatedOnToolsVersion = 10.1;
						TestTargetID = 398DD2BD2241A22500BBA2E8;
					};
					398DD2DC2241A23D00BBA2E8 = {
						CreatedOnToolsVersion = 10.1;
						TestTargetID = 398DD2BD2241A22500BBA2E8;
					};
				};
			};
			buildConfigurationList = 398DD2B92241A22500BBA2E8 /* Build configuration list for PBXProject "Popular on NYT" */;
			compatibilityVersion = "Xcode 9.3";
			developmentRegion = en;
			hasScannedForEncodings = 0;
			knownRegions = (
				en,
				Base,
			);
			mainGroup = 398DD2B52241A22500BBA2E8;
			productRefGroup = 398DD2BF2241A22600BBA2E8 /* Products */;
			projectDirPath = "";
			projectRoot = "";
			targets = (
				398DD2BD2241A22500BBA2E8 /* Popular on NYT */,
				398DD2D12241A23D00BBA2E8 /* Popular on NYTTests */,
				398DD2DC2241A23D00BBA2E8 /* Popular on NYTUITests */,
			);
		};
/* End PBXProject section */

/* Begin PBXResourcesBuildPhase section */
		398DD2BC2241A22500BBA2E8 /* Resources */ = {
			isa = PBXResourcesBuildPhase;
			buildActionMask = 2147483647;
			files = (
				3942A03C22428DF00029B271 /* ArticleCell.xib in Resources */,
				398DD2CC2241A23A00BBA2E8 /* LaunchScreen.storyboard in Resources */,
				398DD2C92241A23A00BBA2E8 /* Assets.xcassets in Resources */,
				398DD2C72241A22600BBA2E8 /* Main.storyboard in Resources */,
			);
			runOnlyForDeploymentPostprocessing = 0;
		};
		398DD2D02241A23D00BBA2E8 /* Resources */ = {
			isa = PBXResourcesBuildPhase;
			buildActionMask = 2147483647;
			files = (
			);
			runOnlyForDeploymentPostprocessing = 0;
		};
		398DD2DB2241A23D00BBA2E8 /* Resources */ = {
			isa = PBXResourcesBuildPhase;
			buildActionMask = 2147483647;
			files = (
			);
			runOnlyForDeploymentPostprocessing = 0;
		};
/* End PBXResourcesBuildPhase section */

/* Begin PBXShellScriptBuildPhase section */
		40DC58B6017DAF3D4F8A324C /* [CP] Embed Pods Frameworks */ = {
			isa = PBXShellScriptBuildPhase;
			buildActionMask = 2147483647;
			files = (
			);
			inputFileListPaths = (
			);
			inputPaths = (
				"${SRCROOT}/Pods/Target Support Files/Pods-Popular on NYT/Pods-Popular on NYT-frameworks.sh",
				"${BUILT_PRODUCTS_DIR}/Alamofire/Alamofire.framework",
				"${BUILT_PRODUCTS_DIR}/Kingfisher/Kingfisher.framework",
				"${BUILT_PRODUCTS_DIR}/Moya/Moya.framework",
				"${BUILT_PRODUCTS_DIR}/Result/Result.framework",
			);
			name = "[CP] Embed Pods Frameworks";
			outputFileListPaths = (
			);
			outputPaths = (
				"${TARGET_BUILD_DIR}/${FRAMEWORKS_FOLDER_PATH}/Alamofire.framework",
				"${TARGET_BUILD_DIR}/${FRAMEWORKS_FOLDER_PATH}/Kingfisher.framework",
				"${TARGET_BUILD_DIR}/${FRAMEWORKS_FOLDER_PATH}/Moya.framework",
				"${TARGET_BUILD_DIR}/${FRAMEWORKS_FOLDER_PATH}/Result.framework",
			);
			runOnlyForDeploymentPostprocessing = 0;
			shellPath = /bin/sh;
			shellScript = "\"${SRCROOT}/Pods/Target Support Files/Pods-Popular on NYT/Pods-Popular on NYT-frameworks.sh\"\n";
			showEnvVarsInLog = 0;
		};
		7DB9E606E34791D08911BE1C /* [CP] Check Pods Manifest.lock */ = {
			isa = PBXShellScriptBuildPhase;
			buildActionMask = 2147483647;
			files = (
			);
			inputFileListPaths = (
			);
			inputPaths = (
				"${PODS_PODFILE_DIR_PATH}/Podfile.lock",
				"${PODS_ROOT}/Manifest.lock",
			);
			name = "[CP] Check Pods Manifest.lock";
			outputFileListPaths = (
			);
			outputPaths = (
				"$(DERIVED_FILE_DIR)/Pods-Popular on NYT-checkManifestLockResult.txt",
			);
			runOnlyForDeploymentPostprocessing = 0;
			shellPath = /bin/sh;
			shellScript = "diff \"${PODS_PODFILE_DIR_PATH}/Podfile.lock\" \"${PODS_ROOT}/Manifest.lock\" > /dev/null\nif [ $? != 0 ] ; then\n    # print error to STDERR\n    echo \"error: The sandbox is not in sync with the Podfile.lock. Run 'pod install' or update your CocoaPods installation.\" >&2\n    exit 1\nfi\n# This output is used by Xcode 'outputs' to avoid re-running this script phase.\necho \"SUCCESS\" > \"${SCRIPT_OUTPUT_FILE_0}\"\n";
			showEnvVarsInLog = 0;
		};
		A991FF6C26EDC06D32AC9B33 /* [CP] Check Pods Manifest.lock */ = {
			isa = PBXShellScriptBuildPhase;
			buildActionMask = 2147483647;
			files = (
			);
			inputFileListPaths = (
			);
			inputPaths = (
				"${PODS_PODFILE_DIR_PATH}/Podfile.lock",
				"${PODS_ROOT}/Manifest.lock",
			);
			name = "[CP] Check Pods Manifest.lock";
			outputFileListPaths = (
			);
			outputPaths = (
				"$(DERIVED_FILE_DIR)/Pods-Popular on NYTUITests-checkManifestLockResult.txt",
			);
			runOnlyForDeploymentPostprocessing = 0;
			shellPath = /bin/sh;
			shellScript = "diff \"${PODS_PODFILE_DIR_PATH}/Podfile.lock\" \"${PODS_ROOT}/Manifest.lock\" > /dev/null\nif [ $? != 0 ] ; then\n    # print error to STDERR\n    echo \"error: The sandbox is not in sync with the Podfile.lock. Run 'pod install' or update your CocoaPods installation.\" >&2\n    exit 1\nfi\n# This output is used by Xcode 'outputs' to avoid re-running this script phase.\necho \"SUCCESS\" > \"${SCRIPT_OUTPUT_FILE_0}\"\n";
			showEnvVarsInLog = 0;
		};
		DE54B2F23AA3AC149D969073 /* [CP] Check Pods Manifest.lock */ = {
			isa = PBXShellScriptBuildPhase;
			buildActionMask = 2147483647;
			files = (
			);
			inputFileListPaths = (
			);
			inputPaths = (
				"${PODS_PODFILE_DIR_PATH}/Podfile.lock",
				"${PODS_ROOT}/Manifest.lock",
			);
			name = "[CP] Check Pods Manifest.lock";
			outputFileListPaths = (
			);
			outputPaths = (
				"$(DERIVED_FILE_DIR)/Pods-Popular on NYTTests-checkManifestLockResult.txt",
			);
			runOnlyForDeploymentPostprocessing = 0;
			shellPath = /bin/sh;
			shellScript = "diff \"${PODS_PODFILE_DIR_PATH}/Podfile.lock\" \"${PODS_ROOT}/Manifest.lock\" > /dev/null\nif [ $? != 0 ] ; then\n    # print error to STDERR\n    echo \"error: The sandbox is not in sync with the Podfile.lock. Run 'pod install' or update your CocoaPods installation.\" >&2\n    exit 1\nfi\n# This output is used by Xcode 'outputs' to avoid re-running this script phase.\necho \"SUCCESS\" > \"${SCRIPT_OUTPUT_FILE_0}\"\n";
			showEnvVarsInLog = 0;
		};
/* End PBXShellScriptBuildPhase section */

/* Begin PBXSourcesBuildPhase section */
		398DD2BA2241A22500BBA2E8 /* Sources */ = {
			isa = PBXSourcesBuildPhase;
			buildActionMask = 2147483647;
			files = (
				3942A03B22428DF00029B271 /* ArticleCell.swift in Sources */,
				3942A032224276B30029B271 /* MostPopularApi.swift in Sources */,
				3942A04222429A0B0029B271 /* UIViewController+AlertView.swift in Sources */,
				3942A034224276C10029B271 /* NetworkManager.swift in Sources */,
				3942A040224298A90029B271 /* ArticlesTableViewController.swift in Sources */,
				398DD2C22241A22600BBA2E8 /* AppDelegate.swift in Sources */,
				3942A030224273F50029B271 /* Article.swift in Sources */,
				3942A038224282470029B271 /* ArticleViewModel.swift in Sources */,
				3942A0362242773B0029B271 /* ArticlesPeriod.swift in Sources */,
				3942A03E2242967A0029B271 /* UIImageView+ImageUrl.swift in Sources */,
			);
			runOnlyForDeploymentPostprocessing = 0;
		};
		398DD2CE2241A23D00BBA2E8 /* Sources */ = {
			isa = PBXSourcesBuildPhase;
			buildActionMask = 2147483647;
			files = (
				398DD2D72241A23D00BBA2E8 /* Popular_on_NYTTests.swift in Sources */,
			);
			runOnlyForDeploymentPostprocessing = 0;
		};
		398DD2D92241A23D00BBA2E8 /* Sources */ = {
			isa = PBXSourcesBuildPhase;
			buildActionMask = 2147483647;
			files = (
				398DD2E22241A23D00BBA2E8 /* Popular_on_NYTUITests.swift in Sources */,
			);
			runOnlyForDeploymentPostprocessing = 0;
		};
/* End PBXSourcesBuildPhase section */

/* Begin PBXTargetDependency section */
		398DD2D42241A23D00BBA2E8 /* PBXTargetDependency */ = {
			isa = PBXTargetDependency;
			target = 398DD2BD2241A22500BBA2E8 /* Popular on NYT */;
			targetProxy = 398DD2D32241A23D00BBA2E8 /* PBXContainerItemProxy */;
		};
		398DD2DF2241A23D00BBA2E8 /* PBXTargetDependency */ = {
			isa = PBXTargetDependency;
			target = 398DD2BD2241A22500BBA2E8 /* Popular on NYT */;
			targetProxy = 398DD2DE2241A23D00BBA2E8 /* PBXContainerItemProxy */;
		};
/* End PBXTargetDependency section */

/* Begin PBXVariantGroup section */
		398DD2C52241A22600BBA2E8 /* Main.storyboard */ = {
			isa = PBXVariantGroup;
			children = (
				398DD2C62241A22600BBA2E8 /* Base */,
			);
			name = Main.storyboard;
			sourceTree = "<group>";
		};
		398DD2CA2241A23A00BBA2E8 /* LaunchScreen.storyboard */ = {
			isa = PBXVariantGroup;
			children = (
				398DD2CB2241A23A00BBA2E8 /* Base */,
			);
			name = LaunchScreen.storyboard;
			sourceTree = "<group>";
		};
/* End PBXVariantGroup section */

/* Begin XCBuildConfiguration section */
		398DD2E42241A23D00BBA2E8 /* Debug */ = {
			isa = XCBuildConfiguration;
			buildSettings = {
				ALWAYS_SEARCH_USER_PATHS = NO;
				CLANG_ANALYZER_NONNULL = YES;
				CLANG_ANALYZER_NUMBER_OBJECT_CONVERSION = YES_AGGRESSIVE;
				CLANG_CXX_LANGUAGE_STANDARD = "gnu++14";
				CLANG_CXX_LIBRARY = "libc++";
				CLANG_ENABLE_MODULES = YES;
				CLANG_ENABLE_OBJC_ARC = YES;
				CLANG_ENABLE_OBJC_WEAK = YES;
				CLANG_WARN_BLOCK_CAPTURE_AUTORELEASING = YES;
				CLANG_WARN_BOOL_CONVERSION = YES;
				CLANG_WARN_COMMA = YES;
				CLANG_WARN_CONSTANT_CONVERSION = YES;
				CLANG_WARN_DEPRECATED_OBJC_IMPLEMENTATIONS = YES;
				CLANG_WARN_DIRECT_OBJC_ISA_USAGE = YES_ERROR;
				CLANG_WARN_DOCUMENTATION_COMMENTS = YES;
				CLANG_WARN_EMPTY_BODY = YES;
				CLANG_WARN_ENUM_CONVERSION = YES;
				CLANG_WARN_INFINITE_RECURSION = YES;
				CLANG_WARN_INT_CONVERSION = YES;
				CLANG_WARN_NON_LITERAL_NULL_CONVERSION = YES;
				CLANG_WARN_OBJC_IMPLICIT_RETAIN_SELF = YES;
				CLANG_WARN_OBJC_LITERAL_CONVERSION = YES;
				CLANG_WARN_OBJC_ROOT_CLASS = YES_ERROR;
				CLANG_WARN_RANGE_LOOP_ANALYSIS = YES;
				CLANG_WARN_STRICT_PROTOTYPES = YES;
				CLANG_WARN_SUSPICIOUS_MOVE = YES;
				CLANG_WARN_UNGUARDED_AVAILABILITY = YES_AGGRESSIVE;
				CLANG_WARN_UNREACHABLE_CODE = YES;
				CLANG_WARN__DUPLICATE_METHOD_MATCH = YES;
				CODE_SIGN_IDENTITY = "iPhone Developer";
				COPY_PHASE_STRIP = NO;
				DEBUG_INFORMATION_FORMAT = dwarf;
				ENABLE_STRICT_OBJC_MSGSEND = YES;
				ENABLE_TESTABILITY = YES;
				GCC_C_LANGUAGE_STANDARD = gnu11;
				GCC_DYNAMIC_NO_PIC = NO;
				GCC_NO_COMMON_BLOCKS = YES;
				GCC_OPTIMIZATION_LEVEL = 0;
				GCC_PREPROCESSOR_DEFINITIONS = (
					"DEBUG=1",
					"$(inherited)",
				);
				GCC_WARN_64_TO_32_BIT_CONVERSION = YES;
				GCC_WARN_ABOUT_RETURN_TYPE = YES_ERROR;
				GCC_WARN_UNDECLARED_SELECTOR = YES;
				GCC_WARN_UNINITIALIZED_AUTOS = YES_AGGRESSIVE;
				GCC_WARN_UNUSED_FUNCTION = YES;
				GCC_WARN_UNUSED_VARIABLE = YES;
				IPHONEOS_DEPLOYMENT_TARGET = 12.1;
				MTL_ENABLE_DEBUG_INFO = INCLUDE_SOURCE;
				MTL_FAST_MATH = YES;
				ONLY_ACTIVE_ARCH = YES;
				SDKROOT = iphoneos;
				SWIFT_ACTIVE_COMPILATION_CONDITIONS = DEBUG;
				SWIFT_OPTIMIZATION_LEVEL = "-Onone";
			};
			name = Debug;
		};
		398DD2E52241A23D00BBA2E8 /* Release */ = {
			isa = XCBuildConfiguration;
			buildSettings = {
				ALWAYS_SEARCH_USER_PATHS = NO;
				CLANG_ANALYZER_NONNULL = YES;
				CLANG_ANALYZER_NUMBER_OBJECT_CONVERSION = YES_AGGRESSIVE;
				CLANG_CXX_LANGUAGE_STANDARD = "gnu++14";
				CLANG_CXX_LIBRARY = "libc++";
				CLANG_ENABLE_MODULES = YES;
				CLANG_ENABLE_OBJC_ARC = YES;
				CLANG_ENABLE_OBJC_WEAK = YES;
				CLANG_WARN_BLOCK_CAPTURE_AUTORELEASING = YES;
				CLANG_WARN_BOOL_CONVERSION = YES;
				CLANG_WARN_COMMA = YES;
				CLANG_WARN_CONSTANT_CONVERSION = YES;
				CLANG_WARN_DEPRECATED_OBJC_IMPLEMENTATIONS = YES;
				CLANG_WARN_DIRECT_OBJC_ISA_USAGE = YES_ERROR;
				CLANG_WARN_DOCUMENTATION_COMMENTS = YES;
				CLANG_WARN_EMPTY_BODY = YES;
				CLANG_WARN_ENUM_CONVERSION = YES;
				CLANG_WARN_INFINITE_RECURSION = YES;
				CLANG_WARN_INT_CONVERSION = YES;
				CLANG_WARN_NON_LITERAL_NULL_CONVERSION = YES;
				CLANG_WARN_OBJC_IMPLICIT_RETAIN_SELF = YES;
				CLANG_WARN_OBJC_LITERAL_CONVERSION = YES;
				CLANG_WARN_OBJC_ROOT_CLASS = YES_ERROR;
				CLANG_WARN_RANGE_LOOP_ANALYSIS = YES;
				CLANG_WARN_STRICT_PROTOTYPES = YES;
				CLANG_WARN_SUSPICIOUS_MOVE = YES;
				CLANG_WARN_UNGUARDED_AVAILABILITY = YES_AGGRESSIVE;
				CLANG_WARN_UNREACHABLE_CODE = YES;
				CLANG_WARN__DUPLICATE_METHOD_MATCH = YES;
				CODE_SIGN_IDENTITY = "iPhone Developer";
				COPY_PHASE_STRIP = NO;
				DEBUG_INFORMATION_FORMAT = "dwarf-with-dsym";
				ENABLE_NS_ASSERTIONS = NO;
				ENABLE_STRICT_OBJC_MSGSEND = YES;
				GCC_C_LANGUAGE_STANDARD = gnu11;
				GCC_NO_COMMON_BLOCKS = YES;
				GCC_WARN_64_TO_32_BIT_CONVERSION = YES;
				GCC_WARN_ABOUT_RETURN_TYPE = YES_ERROR;
				GCC_WARN_UNDECLARED_SELECTOR = YES;
				GCC_WARN_UNINITIALIZED_AUTOS = YES_AGGRESSIVE;
				GCC_WARN_UNUSED_FUNCTION = YES;
				GCC_WARN_UNUSED_VARIABLE = YES;
				IPHONEOS_DEPLOYMENT_TARGET = 12.1;
				MTL_ENABLE_DEBUG_INFO = NO;
				MTL_FAST_MATH = YES;
				SDKROOT = iphoneos;
				SWIFT_COMPILATION_MODE = wholemodule;
				SWIFT_OPTIMIZATION_LEVEL = "-O";
				VALIDATE_PRODUCT = YES;
			};
			name = Release;
		};
		398DD2E72241A23D00BBA2E8 /* Debug */ = {
			isa = XCBuildConfiguration;
			baseConfigurationReference = FF705CEB5E815119A8D96CCB /* Pods-Popular on NYT.debug.xcconfig */;
			buildSettings = {
				ASSETCATALOG_COMPILER_APPICON_NAME = AppIcon;
				CODE_SIGN_STYLE = Automatic;
				DEVELOPMENT_TEAM = L5WD9S6X36;
				INFOPLIST_FILE = "$(SRCROOT)/Popular on NYT/Supporting/Info.plist";
				LD_RUNPATH_SEARCH_PATHS = (
					"$(inherited)",
					"@executable_path/Frameworks",
				);
				PRODUCT_BUNDLE_IDENTIFIER = "com.AhmadIsmail.Popular-on-NYT";
				PRODUCT_NAME = "$(TARGET_NAME)";
				SWIFT_VERSION = 4.2;
				TARGETED_DEVICE_FAMILY = "1,2";
			};
			name = Debug;
		};
		398DD2E82241A23D00BBA2E8 /* Release */ = {
			isa = XCBuildConfiguration;
			baseConfigurationReference = ECA1B86219D748C8C33401BB /* Pods-Popular on NYT.release.xcconfig */;
			buildSettings = {
				ASSETCATALOG_COMPILER_APPICON_NAME = AppIcon;
				CODE_SIGN_STYLE = Automatic;
				DEVELOPMENT_TEAM = L5WD9S6X36;
				INFOPLIST_FILE = "$(SRCROOT)/Popular on NYT/Supporting/Info.plist";
				LD_RUNPATH_SEARCH_PATHS = (
					"$(inherited)",
					"@executable_path/Frameworks",
				);
				PRODUCT_BUNDLE_IDENTIFIER = "com.AhmadIsmail.Popular-on-NYT";
				PRODUCT_NAME = "$(TARGET_NAME)";
				SWIFT_VERSION = 4.2;
				TARGETED_DEVICE_FAMILY = "1,2";
			};
			name = Release;
		};
		398DD2EA2241A23D00BBA2E8 /* Debug */ = {
			isa = XCBuildConfiguration;
			baseConfigurationReference = 27D4DE4045A5C8CBAFB9132A /* Pods-Popular on NYTTests.debug.xcconfig */;
			buildSettings = {
				ALWAYS_EMBED_SWIFT_STANDARD_LIBRARIES = YES;
				BUNDLE_LOADER = "$(TEST_HOST)";
				CODE_SIGN_STYLE = Automatic;
				DEVELOPMENT_TEAM = L5WD9S6X36;
				INFOPLIST_FILE = "Popular on NYTTests/Info.plist";
				LD_RUNPATH_SEARCH_PATHS = (
					"$(inherited)",
					"@executable_path/Frameworks",
					"@loader_path/Frameworks",
				);
				PRODUCT_BUNDLE_IDENTIFIER = "com.AhmadIsmail.Popular-on-NYTTests";
				PRODUCT_NAME = "$(TARGET_NAME)";
				SWIFT_VERSION = 4.2;
				TARGETED_DEVICE_FAMILY = "1,2";
				TEST_HOST = "$(BUILT_PRODUCTS_DIR)/Popular on NYT.app/Popular on NYT";
			};
			name = Debug;
		};
		398DD2EB2241A23D00BBA2E8 /* Release */ = {
			isa = XCBuildConfiguration;
			baseConfigurationReference = F52BE8FFC035766B1369EA0E /* Pods-Popular on NYTTests.release.xcconfig */;
			buildSettings = {
				ALWAYS_EMBED_SWIFT_STANDARD_LIBRARIES = YES;
				BUNDLE_LOADER = "$(TEST_HOST)";
				CODE_SIGN_STYLE = Automatic;
				DEVELOPMENT_TEAM = L5WD9S6X36;
				INFOPLIST_FILE = "Popular on NYTTests/Info.plist";
				LD_RUNPATH_SEARCH_PATHS = (
					"$(inherited)",
					"@executable_path/Frameworks",
					"@loader_path/Frameworks",
				);
				PRODUCT_BUNDLE_IDENTIFIER = "com.AhmadIsmail.Popular-on-NYTTests";
				PRODUCT_NAME = "$(TARGET_NAME)";
				SWIFT_VERSION = 4.2;
				TARGETED_DEVICE_FAMILY = "1,2";
				TEST_HOST = "$(BUILT_PRODUCTS_DIR)/Popular on NYT.app/Popular on NYT";
			};
			name = Release;
		};
		398DD2ED2241A23D00BBA2E8 /* Debug */ = {
			isa = XCBuildConfiguration;
			baseConfigurationReference = 06E08ECBBB2A3D0CB41E1EB2 /* Pods-Popular on NYTUITests.debug.xcconfig */;
			buildSettings = {
				ALWAYS_EMBED_SWIFT_STANDARD_LIBRARIES = YES;
				CODE_SIGN_STYLE = Automatic;
				DEVELOPMENT_TEAM = L5WD9S6X36;
				INFOPLIST_FILE = "Popular on NYTUITests/Info.plist";
				LD_RUNPATH_SEARCH_PATHS = (
					"$(inherited)",
					"@executable_path/Frameworks",
					"@loader_path/Frameworks",
				);
				PRODUCT_BUNDLE_IDENTIFIER = "com.AhmadIsmail.Popular-on-NYTUITests";
				PRODUCT_NAME = "$(TARGET_NAME)";
				SWIFT_VERSION = 4.2;
				TARGETED_DEVICE_FAMILY = "1,2";
				TEST_TARGET_NAME = "Popular on NYT";
			};
			name = Debug;
		};
		398DD2EE2241A23D00BBA2E8 /* Release */ = {
			isa = XCBuildConfiguration;
			baseConfigurationReference = 4D3C81EC763F094DFBF64FD0 /* Pods-Popular on NYTUITests.release.xcconfig */;
			buildSettings = {
				ALWAYS_EMBED_SWIFT_STANDARD_LIBRARIES = YES;
				CODE_SIGN_STYLE = Automatic;
				DEVELOPMENT_TEAM = L5WD9S6X36;
				INFOPLIST_FILE = "Popular on NYTUITests/Info.plist";
				LD_RUNPATH_SEARCH_PATHS = (
					"$(inherited)",
					"@executable_path/Frameworks",
					"@loader_path/Frameworks",
				);
				PRODUCT_BUNDLE_IDENTIFIER = "com.AhmadIsmail.Popular-on-NYTUITests";
				PRODUCT_NAME = "$(TARGET_NAME)";
				SWIFT_VERSION = 4.2;
				TARGETED_DEVICE_FAMILY = "1,2";
				TEST_TARGET_NAME = "Popular on NYT";
			};
			name = Release;
		};
/* End XCBuildConfiguration section */

/* Begin XCConfigurationList section */
		398DD2B92241A22500BBA2E8 /* Build configuration list for PBXProject "Popular on NYT" */ = {
			isa = XCConfigurationList;
			buildConfigurations = (
				398DD2E42241A23D00BBA2E8 /* Debug */,
				398DD2E52241A23D00BBA2E8 /* Release */,
			);
			defaultConfigurationIsVisible = 0;
			defaultConfigurationName = Release;
		};
		398DD2E62241A23D00BBA2E8 /* Build configuration list for PBXNativeTarget "Popular on NYT" */ = {
			isa = XCConfigurationList;
			buildConfigurations = (
				398DD2E72241A23D00BBA2E8 /* Debug */,
				398DD2E82241A23D00BBA2E8 /* Release */,
			);
			defaultConfigurationIsVisible = 0;
			defaultConfigurationName = Release;
		};
		398DD2E92241A23D00BBA2E8 /* Build configuration list for PBXNativeTarget "Popular on NYTTests" */ = {
			isa = XCConfigurationList;
			buildConfigurations = (
				398DD2EA2241A23D00BBA2E8 /* Debug */,
				398DD2EB2241A23D00BBA2E8 /* Release */,
			);
			defaultConfigurationIsVisible = 0;
			defaultConfigurationName = Release;
		};
		398DD2EC2241A23D00BBA2E8 /* Build configuration list for PBXNativeTarget "Popular on NYTUITests" */ = {
			isa = XCConfigurationList;
			buildConfigurations = (
				398DD2ED2241A23D00BBA2E8 /* Debug */,
				398DD2EE2241A23D00BBA2E8 /* Release */,
			);
			defaultConfigurationIsVisible = 0;
			defaultConfigurationName = Release;
		};
/* End XCConfigurationList section */
	};
	rootObject = 398DD2B62241A22500BBA2E8 /* Project object */;
}
